hash: a06d5de25f9a339cc871ea5a89adc496b84f35c11647cafd9182b9db7f20bfa2
updated: 2017-05-23T15:55:43.463932699+09:00
imports:
- name: github.com/armon/go-metrics
  version: 93f237eba9b0602f3e73710416558854a81d9337
- name: github.com/coreos/go-oidc
  version: c797a55f1c1001ec3169f1d0fbb4c5523563bec6
- name: github.com/dimfeld/httppath
  version: c8e499c3ef3c3e272ed8bdcc1ccf39f73c88debc
- name: github.com/dimfeld/httptreemux
  version: 86f7c217d9043ebc6adfd8e2ed04a0bb1e1db651
- name: github.com/go-sql-driver/mysql
  version: 382e13d099fcf5f5994290892ab258fbebbdc5e3
- name: github.com/goadesign/goa
  version: 58f3177f36f2c50ee6119da92795e48bac6d6243
  subpackages:
  - '...'
  - client
  - cors
  - design
  - design/apidsl
  - dslengine
  - goatest
  - middleware
  - uuid
- name: github.com/golang/protobuf
  version: 8ee79997227bf9b34611aee7946ae64735e6fd93
  subpackages:
  - proto
- name: github.com/inconshreveable/mousetrap
  version: 76626ae9c91c4f2a10f34cad8ce83ea42c93bb75
- name: github.com/manveru/faker
  version: 717f7cf83fb78669bfab612749c2e8ff63d5be11
- name: github.com/satori/go.uuid
  version: 879c5887cd475cd7864858769793b2ceb0d44feb
- name: github.com/spf13/cobra
  version: fb1f39915d092e6ecbdb38c0861170bdf4416800
- name: github.com/spf13/pflag
  version: e57e3eeb33f795204c1ca35f56c44f83227c6e66
- name: github.com/zach-klippenstein/goregen
  version: 795b5e3961ea1912fde60af417ad85e86acc0d6a
- name: golang.org/x/net
  version: 61557ac0112b576429a0df080e1c2cef5dfbb642
  subpackages:
  - context
  - websocket
- name: golang.org/x/oauth2
  version: f047394b6d14284165300fd82dad67edb3a4d7f6
  subpackages:
  - internal
- name: google.golang.org/api
  version: d9d64fe74969b80fb4a435ae9280c9ff061a6097
  subpackages:
  - oauth2/v2
- name: google.golang.org/appengine
  version: 150dc57a1b433e64154302bdc40b6bb8aefa313a
  subpackages:
  - internal
  - internal/base
  - internal/datastore
  - internal/log
  - internal/remote_api
  - internal/urlfetch
  - urlfetch
testImports: []
